
Microsoft Visual Studio Solution File, Format Version 12.00
# Visual Studio Version 16
VisualStudioVersion = 16.0.30523.141
MinimumVisualStudioVersion = 10.0.40219.1
Project("{8BC9CEB8-8B4A-11D0-8D11-00A0C91BC942}") = "HuffmanTree", "HuffmanTree.vcxproj", "{D441DD71-6AA6-4C4F-A53B-EA1B8C53656A}"
EndProject
Project("{8BC9CEB8-8B4A-11D0-8D11-00A0C91BC942}") = "BuildTree2", "..\BuildTree2\BuildTree2.vcxproj", "{936634F2-AA25-4871-BFBE-728D8F0604CE}"
EndProject
Project("{8BC9CEB8-8B4A-11D0-8D11-00A0C91BC942}") = "CmdLineDemo", "..\..\第二次作业\CmdLineDemo\CmdLineDemo\CmdLineDemo.vcxproj", "{11536C8F-4406-40E2-9D31-19112400EC3B}"
EndProject
Global
	GlobalSection(SolutionConfigurationPlatforms) = preSolution
		Debug|x64 = Debug|x64
		Debug|x86 = Debug|x86
		Release|x64 = Release|x64
		Release|x86 = Release|x86
	EndGlobalSection
	GlobalSection(ProjectConfigurationPlatforms) = postSolution
		{D441DD71-6AA6-4C4F-A53B-EA1B8C53656A}.Debug|x64.ActiveCfg = Debug|x64
		{D441DD71-6AA6-4C4F-A53B-EA1B8C53656A}.Debug|x64.Build.0 = Debug|x64
		{D441DD71-6AA6-4C4F-A53B-EA1B8C53656A}.Debug|x86.ActiveCfg = Debug|Win32
		{D441DD71-6AA6-4C4F-A53B-EA1B8C53656A}.Debug|x86.Build.0 = Debug|Win32
		{D441DD71-6AA6-4C4F-A53B-EA1B8C53656A}.Release|x64.ActiveCfg = Release|x64
		{D441DD71-6AA6-4C4F-A53B-EA1B8C53656A}.Release|x64.Build.0 = Release|x64
		{D441DD71-6AA6-4C4F-A53B-EA1B8C53656A}.Release|x86.ActiveCfg = Release|Win32
		{D441DD71-6AA6-4C4F-A53B-EA1B8C53656A}.Release|x86.Build.0 = Release|Win32
		{936634F2-AA25-4871-BFBE-728D8F0604CE}.Debug|x64.ActiveCfg = Debug|x64
		{936634F2-AA25-4871-BFBE-728D8F0604CE}.Debug|x64.Build.0 = Debug|x64
		{936634F2-AA25-4871-BFBE-728D8F0604CE}.Debug|x86.ActiveCfg = Debug|Win32
		{936634F2-AA25-4871-BFBE-728D8F0604CE}.Debug|x86.Build.0 = Debug|Win32
		{936634F2-AA25-4871-BFBE-728D8F0604CE}.Release|x64.ActiveCfg = Release|x64
		{936634F2-AA25-4871-BFBE-728D8F0604CE}.Release|x64.Build.0 = Release|x64
		{936634F2-AA25-4871-BFBE-728D8F0604CE}.Release|x86.ActiveCfg = Release|Win32
		{936634F2-AA25-4871-BFBE-728D8F0604CE}.Release|x86.Build.0 = Release|Win32
		{11536C8F-4406-40E2-9D31-19112400EC3B}.Debug|x64.ActiveCfg = Debug|Win32
		{11536C8F-4406-40E2-9D31-19112400EC3B}.Debug|x86.ActiveCfg = Debug|Win32
		{11536C8F-4406-40E2-9D31-19112400EC3B}.Debug|x86.Build.0 = Debug|Win32
		{11536C8F-4406-40E2-9D31-19112400EC3B}.Release|x64.ActiveCfg = Release|Win32
		{11536C8F-4406-40E2-9D31-19112400EC3B}.Release|x86.ActiveCfg = Release|Win32
		{11536C8F-4406-40E2-9D31-19112400EC3B}.Release|x86.Build.0 = Release|Win32
	EndGlobalSection
	GlobalSection(SolutionProperties) = preSolution
		HideSolutionNode = FALSE
	EndGlobalSection
	GlobalSection(ExtensibilityGlobals) = postSolution
		SolutionGuid = {201AEF7A-392B-420C-8351-64FD934EC9A0}
	EndGlobalSection
EndGlobal
